
Microsoft Visual Studio Solution File, Format Version 12.00
# Visual Studio Version 17
VisualStudioVersion = 17.4.33205.214
MinimumVisualStudioVersion = 10.0.40219.1
Project("{FAE04EC0-301F-11D3-BF4B-00C04F79EFBC}") = "QuickSQLite", "QuickSQLite.csproj", "{0A2EBE94-D2FD-4419-A732-55C66FFCE3BE}"
EndProject
Global
	GlobalSection(SolutionConfigurationPlatforms) = preSolution
		Debug|Any CPU = Debug|Any CPU
		Release|Any CPU = Release|Any CPU
	EndGlobalSection
	GlobalSection(ProjectConfigurationPlatforms) = postSolution
		{0A2EBE94-D2FD-4419-A732-55C66FFCE3BE}.Debug|Any CPU.ActiveCfg = Debug|Any CPU
		{0A2EBE94-D2FD-4419-A732-55C66FFCE3BE}.Debug|Any CPU.Build.0 = Debug|Any CPU
		{0A2EBE94-D2FD-4419-A732-55C66FFCE3BE}.Release|Any CPU.ActiveCfg = Release|Any CPU
		{0A2EBE94-D2FD-4419-A732-55C66FFCE3BE}.Release|Any CPU.Build.0 = Release|Any CPU
	EndGlobalSection
	GlobalSection(SolutionProperties) = preSolution
		HideSolutionNode = FALSE
	EndGlobalSection
	GlobalSection(ExtensibilityGlobals) = postSolution
		SolutionGuid = {31592F80-21A0-4087-B56D-2A8E9C9FFBAA}
	EndGlobalSection
EndGlobal
